
Microsoft Visual Studio Solution File, Format Version 12.00
# Visual Studio Version 16
VisualStudioVersion = 16.0.30011.22
MinimumVisualStudioVersion = 10.0.40219.1
Project("{9A19103F-16F7-4668-BE54-9A1E7A4F7556}") = "AvaloniaMvc", "Source\AvaloniaMvc\AvaloniaMvc.csproj", "{24DF9386-BD14-4810-BEF5-7706EB4E864A}"
EndProject
Project("{9A19103F-16F7-4668-BE54-9A1E7A4F7556}") = "AvaloniaMvc.Spec", "Spec\AvaloniaMvc.Spec\AvaloniaMvc.Spec.csproj", "{8D9F9553-7BAC-4E3D-BA88-87F14F73486C}"
EndProject
Global
	GlobalSection(SolutionConfigurationPlatforms) = preSolution
		Debug|Any CPU = Debug|Any CPU
		Release|Any CPU = Release|Any CPU
	EndGlobalSection
	GlobalSection(ProjectConfigurationPlatforms) = postSolution
		{24DF9386-BD14-4810-BEF5-7706EB4E864A}.Debug|Any CPU.ActiveCfg = Debug|Any CPU
		{24DF9386-BD14-4810-BEF5-7706EB4E864A}.Debug|Any CPU.Build.0 = Debug|Any CPU
		{24DF9386-BD14-4810-BEF5-7706EB4E864A}.Release|Any CPU.ActiveCfg = Release|Any CPU
		{24DF9386-BD14-4810-BEF5-7706EB4E864A}.Release|Any CPU.Build.0 = Release|Any CPU
		{8D9F9553-7BAC-4E3D-BA88-87F14F73486C}.Debug|Any CPU.ActiveCfg = Debug|Any CPU
		{8D9F9553-7BAC-4E3D-BA88-87F14F73486C}.Debug|Any CPU.Build.0 = Debug|Any CPU
		{8D9F9553-7BAC-4E3D-BA88-87F14F73486C}.Release|Any CPU.ActiveCfg = Release|Any CPU
		{8D9F9553-7BAC-4E3D-BA88-87F14F73486C}.Release|Any CPU.Build.0 = Release|Any CPU
	EndGlobalSection
	GlobalSection(SolutionProperties) = preSolution
		HideSolutionNode = FALSE
	EndGlobalSection
	GlobalSection(ExtensibilityGlobals) = postSolution
		SolutionGuid = {8C3CE563-882D-48EF-BB6D-02230F61C3ED}
	EndGlobalSection
EndGlobal
