
Microsoft Visual Studio Solution File, Format Version 12.00
Project("{FAE04EC0-301F-11D3-BF4B-00C04F79EFBC}") = "SimpleTodo", "SimpleTodo\SimpleTodo.csproj", "{B54C3662-CA37-4005-9F7D-886DCFA1AC75}"
EndProject
Project("{FAE04EC0-301F-11D3-BF4B-00C04F79EFBC}") = "AvaloniaMvc", "..\..\Source\AvaloniaMvc\AvaloniaMvc.csproj", "{A80B04AA-98BB-425C-858F-0DB97029DC7C}"
EndProject
Project("{FAE04EC0-301F-11D3-BF4B-00C04F79EFBC}") = "SimpleTodo.Spec", "SimpleTodo.Spec\SimpleTodo.Spec.csproj", "{C9BA480A-C464-41A5-97CF-C063CE912458}"
EndProject
Global
	GlobalSection(SolutionConfigurationPlatforms) = preSolution
		Debug|Any CPU = Debug|Any CPU
		Release|Any CPU = Release|Any CPU
	EndGlobalSection
	GlobalSection(ProjectConfigurationPlatforms) = postSolution
		{B54C3662-CA37-4005-9F7D-886DCFA1AC75}.Debug|Any CPU.ActiveCfg = Debug|Any CPU
		{B54C3662-CA37-4005-9F7D-886DCFA1AC75}.Debug|Any CPU.Build.0 = Debug|Any CPU
		{B54C3662-CA37-4005-9F7D-886DCFA1AC75}.Release|Any CPU.ActiveCfg = Release|Any CPU
		{B54C3662-CA37-4005-9F7D-886DCFA1AC75}.Release|Any CPU.Build.0 = Release|Any CPU
		{A80B04AA-98BB-425C-858F-0DB97029DC7C}.Debug|Any CPU.ActiveCfg = Debug|Any CPU
		{A80B04AA-98BB-425C-858F-0DB97029DC7C}.Debug|Any CPU.Build.0 = Debug|Any CPU
		{A80B04AA-98BB-425C-858F-0DB97029DC7C}.Release|Any CPU.ActiveCfg = Release|Any CPU
		{A80B04AA-98BB-425C-858F-0DB97029DC7C}.Release|Any CPU.Build.0 = Release|Any CPU
		{C9BA480A-C464-41A5-97CF-C063CE912458}.Debug|Any CPU.ActiveCfg = Debug|Any CPU
		{C9BA480A-C464-41A5-97CF-C063CE912458}.Debug|Any CPU.Build.0 = Debug|Any CPU
		{C9BA480A-C464-41A5-97CF-C063CE912458}.Release|Any CPU.ActiveCfg = Release|Any CPU
		{C9BA480A-C464-41A5-97CF-C063CE912458}.Release|Any CPU.Build.0 = Release|Any CPU
	EndGlobalSection
EndGlobal
