
Microsoft Visual Studio Solution File, Format Version 12.00
# Visual Studio Version 16
VisualStudioVersion = 16.0.30204.135
MinimumVisualStudioVersion = 10.0.40219.1
Project("{FAE04EC0-301F-11D3-BF4B-00C04F79EFBC}") = "SimpleLoginDemo", "SimpleLoginDemo\SimpleLoginDemo.csproj", "{FFEE17DF-C602-4024-A506-7E210DC15A3E}"
EndProject
Project("{9A19103F-16F7-4668-BE54-9A1E7A4F7556}") = "AvaloniaMvc", "..\..\Source\AvaloniaMvc\AvaloniaMvc.csproj", "{C40FEDB2-E044-4E8F-B57A-DAEFB13C4BE0}"
EndProject
Project("{FAE04EC0-301F-11D3-BF4B-00C04F79EFBC}") = "SimpleLoginDemo.Adapter", "SimpleLoginDemo.Adapter\SimpleLoginDemo.Adapter.csproj", "{81CCA52E-0E02-49D6-909F-C4945E6A944E}"
EndProject
Project("{FAE04EC0-301F-11D3-BF4B-00C04F79EFBC}") = "SimpleLoginDemo.Presentation", "SimpleLoginDemo.Presentation\SimpleLoginDemo.Presentation.csproj", "{4BE8824D-1F1A-4735-AB86-587B6366DCA8}"
EndProject
Project("{FAE04EC0-301F-11D3-BF4B-00C04F79EFBC}") = "SimpleLoginDemo.Presentation.Spec", "SimpleLoginDemo.Presentation.Spec\SimpleLoginDemo.Presentation.Spec.csproj", "{D8AB0B61-C925-4770-8F97-02937CC52A63}"
EndProject
Project("{FAE04EC0-301F-11D3-BF4B-00C04F79EFBC}") = "SimpleLoginDemoSpecRunner", "SimpleLoginDemoSpecRunner\SimpleLoginDemoSpecRunner.csproj", "{5695AC21-7F19-4A5D-AE07-E4CED610545F}"
EndProject
Global
	GlobalSection(SolutionConfigurationPlatforms) = preSolution
		Debug|Any CPU = Debug|Any CPU
		Release|Any CPU = Release|Any CPU
	EndGlobalSection
	GlobalSection(ProjectConfigurationPlatforms) = postSolution
		{FFEE17DF-C602-4024-A506-7E210DC15A3E}.Debug|Any CPU.ActiveCfg = Debug|Any CPU
		{FFEE17DF-C602-4024-A506-7E210DC15A3E}.Debug|Any CPU.Build.0 = Debug|Any CPU
		{FFEE17DF-C602-4024-A506-7E210DC15A3E}.Release|Any CPU.ActiveCfg = Release|Any CPU
		{FFEE17DF-C602-4024-A506-7E210DC15A3E}.Release|Any CPU.Build.0 = Release|Any CPU
		{C40FEDB2-E044-4E8F-B57A-DAEFB13C4BE0}.Debug|Any CPU.ActiveCfg = Debug|Any CPU
		{C40FEDB2-E044-4E8F-B57A-DAEFB13C4BE0}.Debug|Any CPU.Build.0 = Debug|Any CPU
		{C40FEDB2-E044-4E8F-B57A-DAEFB13C4BE0}.Release|Any CPU.ActiveCfg = Release|Any CPU
		{C40FEDB2-E044-4E8F-B57A-DAEFB13C4BE0}.Release|Any CPU.Build.0 = Release|Any CPU
		{81CCA52E-0E02-49D6-909F-C4945E6A944E}.Debug|Any CPU.ActiveCfg = Debug|Any CPU
		{81CCA52E-0E02-49D6-909F-C4945E6A944E}.Debug|Any CPU.Build.0 = Debug|Any CPU
		{81CCA52E-0E02-49D6-909F-C4945E6A944E}.Release|Any CPU.ActiveCfg = Release|Any CPU
		{81CCA52E-0E02-49D6-909F-C4945E6A944E}.Release|Any CPU.Build.0 = Release|Any CPU
		{4BE8824D-1F1A-4735-AB86-587B6366DCA8}.Debug|Any CPU.ActiveCfg = Debug|Any CPU
		{4BE8824D-1F1A-4735-AB86-587B6366DCA8}.Debug|Any CPU.Build.0 = Debug|Any CPU
		{4BE8824D-1F1A-4735-AB86-587B6366DCA8}.Release|Any CPU.ActiveCfg = Release|Any CPU
		{4BE8824D-1F1A-4735-AB86-587B6366DCA8}.Release|Any CPU.Build.0 = Release|Any CPU
		{D8AB0B61-C925-4770-8F97-02937CC52A63}.Debug|Any CPU.ActiveCfg = Debug|Any CPU
		{D8AB0B61-C925-4770-8F97-02937CC52A63}.Debug|Any CPU.Build.0 = Debug|Any CPU
		{D8AB0B61-C925-4770-8F97-02937CC52A63}.Release|Any CPU.ActiveCfg = Release|Any CPU
		{D8AB0B61-C925-4770-8F97-02937CC52A63}.Release|Any CPU.Build.0 = Release|Any CPU
		{5695AC21-7F19-4A5D-AE07-E4CED610545F}.Debug|Any CPU.ActiveCfg = Debug|Any CPU
		{5695AC21-7F19-4A5D-AE07-E4CED610545F}.Debug|Any CPU.Build.0 = Debug|Any CPU
		{5695AC21-7F19-4A5D-AE07-E4CED610545F}.Release|Any CPU.ActiveCfg = Release|Any CPU
		{5695AC21-7F19-4A5D-AE07-E4CED610545F}.Release|Any CPU.Build.0 = Release|Any CPU
	EndGlobalSection
	GlobalSection(SolutionProperties) = preSolution
		HideSolutionNode = FALSE
	EndGlobalSection
	GlobalSection(ExtensibilityGlobals) = postSolution
		SolutionGuid = {426ADC17-4AE4-457A-A29C-49241F58B3AC}
	EndGlobalSection
EndGlobal
